// !$*UTF8*$!
{
	archiveVersion = 1;
	classes = {
	};
	objectVersion = 50;
	objects = {

/* Begin PBXBuildFile section */
		8C9C5406247DE775006DF598 /* AppDelegate.swift in Sources */ = {isa = PBXBuildFile; fileRef = 8C9C5405247DE775006DF598 /* AppDelegate.swift */; };
		8C9C5408247DE775006DF598 /* SceneDelegate.swift in Sources */ = {isa = PBXBuildFile; fileRef = 8C9C5407247DE775006DF598 /* SceneDelegate.swift */; };
		8C9C540A247DE775006DF598 /* ViewController.swift in Sources */ = {isa = PBXBuildFile; fileRef = 8C9C5409247DE775006DF598 /* ViewController.swift */; };
		8C9C540D247DE775006DF598 /* Main.storyboard in Resources */ = {isa = PBXBuildFile; fileRef = 8C9C540B247DE775006DF598 /* Main.storyboard */; };
		8C9C540F247DE781006DF598 /* Assets.xcassets in Resources */ = {isa = PBXBuildFile; fileRef = 8C9C540E247DE781006DF598 /* Assets.xcassets */; };
		8C9C5412247DE781006DF598 /* LaunchScreen.storyboard in Resources */ = {isa = PBXBuildFile; fileRef = 8C9C5410247DE781006DF598 /* LaunchScreen.storyboard */; };
		8C9C5422247DE9AF006DF598 /* BankAppTests.swift in Sources */ = {isa = PBXBuildFile; fileRef = 8C9C5421247DE9AF006DF598 /* BankAppTests.swift */; };
		8C9C542B247DEA47006DF598 /* Account.swift in Sources */ = {isa = PBXBuildFile; fileRef = 8C9C542A247DEA47006DF598 /* Account.swift */; };
		8C9C542C247DEAAD006DF598 /* Account.swift in Sources */ = {isa = PBXBuildFile; fileRef = 8C9C542A247DEA47006DF598 /* Account.swift */; };
/* End PBXBuildFile section */

/* Begin PBXContainerItemProxy section */
		8C9C5424247DE9AF006DF598 /* PBXContainerItemProxy */ = {
			isa = PBXContainerItemProxy;
			containerPortal = 8C9C53FA247DE775006DF598 /* Project object */;
			proxyType = 1;
			remoteGlobalIDString = 8C9C5401247DE775006DF598;
			remoteInfo = BankApp;
		};
/* End PBXContainerItemProxy section */

/* Begin PBXFileReference section */
		8C9C5402247DE775006DF598 /* BankApp.app */ = {isa = PBXFileReference; explicitFileType = wrapper.application; includeInIndex = 0; path = BankApp.app; sourceTree = BUILT_PRODUCTS_DIR; };
		8C9C5405247DE775006DF598 /* AppDelegate.swift */ = {isa = PBXFileReference; lastKnownFileType = sourcecode.swift; path = AppDelegate.swift; sourceTree = "<group>"; };
		8C9C5407247DE775006DF598 /* SceneDelegate.swift */ = {isa = PBXFileReference; lastKnownFileType = sourcecode.swift; path = SceneDelegate.swift; sourceTree = "<group>"; };
		8C9C5409247DE775006DF598 /* ViewController.swift */ = {isa = PBXFileReference; lastKnownFileType = sourcecode.swift; path = ViewController.swift; sourceTree = "<group>"; };
		8C9C540C247DE775006DF598 /* Base */ = {isa = PBXFileReference; lastKnownFileType = file.storyboard; name = Base; path = Base.lproj/Main.storyboard; sourceTree = "<group>"; };
		8C9C540E247DE781006DF598 /* Assets.xcassets */ = {isa = PBXFileReference; lastKnownFileType = folder.assetcatalog; path = Assets.xcassets; sourceTree = "<group>"; };
		8C9C5411247DE781006DF598 /* Base */ = {isa = PBXFileReference; lastKnownFileType = file.storyboard; name = Base; path = Base.lproj/LaunchScreen.storyboard; sourceTree = "<group>"; };
		8C9C5413247DE781006DF598 /* Info.plist */ = {isa = PBXFileReference; lastKnownFileType = text.plist.xml; path = Info.plist; sourceTree = "<group>"; };
		8C9C541F247DE9AF006DF598 /* BankAppTests.xctest */ = {isa = PBXFileReference; explicitFileType = wrapper.cfbundle; includeInIndex = 0; path = BankAppTests.xctest; sourceTree = BUILT_PRODUCTS_DIR; };
		8C9C5421247DE9AF006DF598 /* BankAppTests.swift */ = {isa = PBXFileReference; lastKnownFileType = sourcecode.swift; path = BankAppTests.swift; sourceTree = "<group>"; };
		8C9C5423247DE9AF006DF598 /* Info.plist */ = {isa = PBXFileReference; lastKnownFileType = text.plist.xml; path = Info.plist; sourceTree = "<group>"; };
		8C9C542A247DEA47006DF598 /* Account.swift */ = {isa = PBXFileReference; lastKnownFileType = sourcecode.swift; path = Account.swift; sourceTree = "<group>"; };
/* End PBXFileReference section */

/* Begin PBXFrameworksBuildPhase section */
		8C9C53FF247DE775006DF598 /* Frameworks */ = {
			isa = PBXFrameworksBuildPhase;
			buildActionMask = 2147483647;
			files = (
			);
			runOnlyForDeploymentPostprocessing = 0;
		};
		8C9C541C247DE9AF006DF598 /* Frameworks */ = {
			isa = PBXFrameworksBuildPhase;
			buildActionMask = 2147483647;
			files = (
			);
			runOnlyForDeploymentPostprocessing = 0;
		};
/* End PBXFrameworksBuildPhase section */

/* Begin PBXGroup section */
		8C9C53F9247DE775006DF598 = {
			isa = PBXGroup;
			children = (
				8C9C5404247DE775006DF598 /* BankApp */,
				8C9C5420247DE9AF006DF598 /* BankAppTests */,
				8C9C5403247DE775006DF598 /* Products */,
			);
			sourceTree = "<group>";
		};
		8C9C5403247DE775006DF598 /* Products */ = {
			isa = PBXGroup;
			children = (
				8C9C5402247DE775006DF598 /* BankApp.app */,
				8C9C541F247DE9AF006DF598 /* BankAppTests.xctest */,
			);
			name = Products;
			sourceTree = "<group>";
		};
		8C9C5404247DE775006DF598 /* BankApp */ = {
			isa = PBXGroup;
			children = (
				8C9C5429247DE9F2006DF598 /* Models */,
				8C9C5405247DE775006DF598 /* AppDelegate.swift */,
				8C9C5407247DE775006DF598 /* SceneDelegate.swift */,
				8C9C5409247DE775006DF598 /* ViewController.swift */,
				8C9C540B247DE775006DF598 /* Main.storyboard */,
				8C9C540E247DE781006DF598 /* Assets.xcassets */,
				8C9C5410247DE781006DF598 /* LaunchScreen.storyboard */,
				8C9C5413247DE781006DF598 /* Info.plist */,
			);
			path = BankApp;
			sourceTree = "<group>";
		};
		8C9C5420247DE9AF006DF598 /* BankAppTests */ = {
			isa = PBXGroup;
			children = (
				8C9C5421247DE9AF006DF598 /* BankAppTests.swift */,
				8C9C5423247DE9AF006DF598 /* Info.plist */,
			);
			path = BankAppTests;
			sourceTree = "<group>";
		};
		8C9C5429247DE9F2006DF598 /* Models */ = {
			isa = PBXGroup;
			children = (
				8C9C542A247DEA47006DF598 /* Account.swift */,
			);
			path = Models;
			sourceTree = "<group>";
		};
/* End PBXGroup section */

/* Begin PBXNativeTarget section */
		8C9C5401247DE775006DF598 /* BankApp */ = {
			isa = PBXNativeTarget;
			buildConfigurationList = 8C9C5416247DE781006DF598 /* Build configuration list for PBXNativeTarget "BankApp" */;
			buildPhases = (
				8C9C53FE247DE775006DF598 /* Sources */,
				8C9C53FF247DE775006DF598 /* Frameworks */,
				8C9C5400247DE775006DF598 /* Resources */,
			);
			buildRules = (
			);
			dependencies = (
			);
			name = BankApp;
			productName = BankApp;
			productReference = 8C9C5402247DE775006DF598 /* BankApp.app */;
			productType = "com.apple.product-type.application";
		};
		8C9C541E247DE9AF006DF598 /* BankAppTests */ = {
			isa = PBXNativeTarget;
			buildConfigurationList = 8C9C5426247DE9AF006DF598 /* Build configuration list for PBXNativeTarget "BankAppTests" */;
			buildPhases = (
				8C9C541B247DE9AF006DF598 /* Sources */,
				8C9C541C247DE9AF006DF598 /* Frameworks */,
				8C9C541D247DE9AF006DF598 /* Resources */,
			);
			buildRules = (
			);
			dependencies = (
				8C9C5425247DE9AF006DF598 /* PBXTargetDependency */,
			);
			name = BankAppTests;
			productName = BankAppTests;
			productReference = 8C9C541F247DE9AF006DF598 /* BankAppTests.xctest */;
			productType = "com.apple.product-type.bundle.unit-test";
		};
/* End PBXNativeTarget section */

/* Begin PBXProject section */
		8C9C53FA247DE775006DF598 /* Project object */ = {
			isa = PBXProject;
			attributes = {
				LastSwiftUpdateCheck = 1150;
				LastUpgradeCheck = 1150;
				ORGANIZATIONNAME = "Ricardo Hui";
				TargetAttributes = {
					8C9C5401247DE775006DF598 = {
						CreatedOnToolsVersion = 11.5;
					};
					8C9C541E247DE9AF006DF598 = {
						CreatedOnToolsVersion = 11.5;
						TestTargetID = 8C9C5401247DE775006DF598;
					};
				};
			};
			buildConfigurationList = 8C9C53FD247DE775006DF598 /* Build configuration list for PBXProject "BankApp" */;
			compatibilityVersion = "Xcode 9.3";
			developmentRegion = en;
			hasScannedForEncodings = 0;
			knownRegions = (
				en,
				Base,
			);
			mainGroup = 8C9C53F9247DE775006DF598;
			productRefGroup = 8C9C5403247DE775006DF598 /* Products */;
			projectDirPath = "";
			projectRoot = "";
			targets = (
				8C9C5401247DE775006DF598 /* BankApp */,
				8C9C541E247DE9AF006DF598 /* BankAppTests */,
			);
		};
/* End PBXProject section */

/* Begin PBXResourcesBuildPhase section */
		8C9C5400247DE775006DF598 /* Resources */ = {
			isa = PBXResourcesBuildPhase;
			buildActionMask = 2147483647;
			files = (
				8C9C5412247DE781006DF598 /* LaunchScreen.storyboard in Resources */,
				8C9C540F247DE781006DF598 /* Assets.xcassets in Resources */,
				8C9C540D247DE775006DF598 /* Main.storyboard in Resources */,
			);
			runOnlyForDeploymentPostprocessing = 0;
		};
		8C9C541D247DE9AF006DF598 /* Resources */ = {
			isa = PBXResourcesBuildPhase;
			buildActionMask = 2147483647;
			files = (
			);
			runOnlyForDeploymentPostprocessing = 0;
		};
/* End PBXResourcesBuildPhase section */

/* Begin PBXSourcesBuildPhase section */
		8C9C53FE247DE775006DF598 /* Sources */ = {
			isa = PBXSourcesBuildPhase;
			buildActionMask = 2147483647;
			files = (
				8C9C540A247DE775006DF598 /* ViewController.swift in Sources */,
				8C9C542B247DEA47006DF598 /* Account.swift in Sources */,
				8C9C5406247DE775006DF598 /* AppDelegate.swift in Sources */,
				8C9C5408247DE775006DF598 /* SceneDelegate.swift in Sources */,
			);
			runOnlyForDeploymentPostprocessing = 0;
		};
		8C9C541B247DE9AF006DF598 /* Sources */ = {
			isa = PBXSourcesBuildPhase;
			buildActionMask = 2147483647;
			files = (
				8C9C5422247DE9AF006DF598 /* BankAppTests.swift in Sources */,
				8C9C542C247DEAAD006DF598 /* Account.swift in Sources */,
			);
			runOnlyForDeploymentPostprocessing = 0;
		};
/* End PBXSourcesBuildPhase section */

/* Begin PBXTargetDependency section */
		8C9C5425247DE9AF006DF598 /* PBXTargetDependency */ = {
			isa = PBXTargetDependency;
			target = 8C9C5401247DE775006DF598 /* BankApp */;
			targetProxy = 8C9C5424247DE9AF006DF598 /* PBXContainerItemProxy */;
		};
/* End PBXTargetDependency section */

/* Begin PBXVariantGroup section */
		8C9C540B247DE775006DF598 /* Main.storyboard */ = {
			isa = PBXVariantGroup;
			children = (
				8C9C540C247DE775006DF598 /* Base */,
			);
			name = Main.storyboard;
			sourceTree = "<group>";
		};
		8C9C5410247DE781006DF598 /* LaunchScreen.storyboard */ = {
			isa = PBXVariantGroup;
			children = (
				8C9C5411247DE781006DF598 /* Base */,
			);
			name = LaunchScreen.storyboard;
			sourceTree = "<group>";
		};
/* End PBXVariantGroup section */

/* Begin XCBuildConfiguration section */
		8C9C5414247DE781006DF598 /* Debug */ = {
			isa = XCBuildConfiguration;
			buildSettings = {
				ALWAYS_SEARCH_USER_PATHS = NO;
				CLANG_ANALYZER_NONNULL = YES;
				CLANG_ANALYZER_NUMBER_OBJECT_CONVERSION = YES_AGGRESSIVE;
				CLANG_CXX_LANGUAGE_STANDARD = "gnu++14";
				CLANG_CXX_LIBRARY = "libc++";
				CLANG_ENABLE_MODULES = YES;
				CLANG_ENABLE_OBJC_ARC = YES;
				CLANG_ENABLE_OBJC_WEAK = YES;
				CLANG_WARN_BLOCK_CAPTURE_AUTORELEASING = YES;
				CLANG_WARN_BOOL_CONVERSION = YES;
				CLANG_WARN_COMMA = YES;
				CLANG_WARN_CONSTANT_CONVERSION = YES;
				CLANG_WARN_DEPRECATED_OBJC_IMPLEMENTATIONS = YES;
				CLANG_WARN_DIRECT_OBJC_ISA_USAGE = YES_ERROR;
				CLANG_WARN_DOCUMENTATION_COMMENTS = YES;
				CLANG_WARN_EMPTY_BODY = YES;
				CLANG_WARN_ENUM_CONVERSION = YES;
				CLANG_WARN_INFINITE_RECURSION = YES;
				CLANG_WARN_INT_CONVERSION = YES;
				CLANG_WARN_NON_LITERAL_NULL_CONVERSION = YES;
				CLANG_WARN_OBJC_IMPLICIT_RETAIN_SELF = YES;
				CLANG_WARN_OBJC_LITERAL_CONVERSION = YES;
				CLANG_WARN_OBJC_ROOT_CLASS = YES_ERROR;
				CLANG_WARN_RANGE_LOOP_ANALYSIS = YES;
				CLANG_WARN_STRICT_PROTOTYPES = YES;
				CLANG_WARN_SUSPICIOUS_MOVE = YES;
				CLANG_WARN_UNGUARDED_AVAILABILITY = YES_AGGRESSIVE;
				CLANG_WARN_UNREACHABLE_CODE = YES;
				CLANG_WARN__DUPLICATE_METHOD_MATCH = YES;
				COPY_PHASE_STRIP = NO;
				DEBUG_INFORMATION_FORMAT = dwarf;
				ENABLE_STRICT_OBJC_MSGSEND = YES;
				ENABLE_TESTABILITY = YES;
				GCC_C_LANGUAGE_STANDARD = gnu11;
				GCC_DYNAMIC_NO_PIC = NO;
				GCC_NO_COMMON_BLOCKS = YES;
				GCC_OPTIMIZATION_LEVEL = 0;
				GCC_PREPROCESSOR_DEFINITIONS = (
					"DEBUG=1",
					"$(inherited)",
				);
				GCC_WARN_64_TO_32_BIT_CONVERSION = YES;
				GCC_WARN_ABOUT_RETURN_TYPE = YES_ERROR;
				GCC_WARN_UNDECLARED_SELECTOR = YES;
				GCC_WARN_UNINITIALIZED_AUTOS = YES_AGGRESSIVE;
				GCC_WARN_UNUSED_FUNCTION = YES;
				GCC_WARN_UNUSED_VARIABLE = YES;
				IPHONEOS_DEPLOYMENT_TARGET = 13.5;
				MTL_ENABLE_DEBUG_INFO = INCLUDE_SOURCE;
				MTL_FAST_MATH = YES;
				ONLY_ACTIVE_ARCH = YES;
				SDKROOT = iphoneos;
				SWIFT_ACTIVE_COMPILATION_CONDITIONS = DEBUG;
				SWIFT_OPTIMIZATION_LEVEL = "-Onone";
			};
			name = Debug;
		};
		8C9C5415247DE781006DF598 /* Release */ = {
			isa = XCBuildConfiguration;
			buildSettings = {
				ALWAYS_SEARCH_USER_PATHS = NO;
				CLANG_ANALYZER_NONNULL = YES;
				CLANG_ANALYZER_NUMBER_OBJECT_CONVERSION = YES_AGGRESSIVE;
				CLANG_CXX_LANGUAGE_STANDARD = "gnu++14";
				CLANG_CXX_LIBRARY = "libc++";
				CLANG_ENABLE_MODULES = YES;
				CLANG_ENABLE_OBJC_ARC = YES;
				CLANG_ENABLE_OBJC_WEAK = YES;
				CLANG_WARN_BLOCK_CAPTURE_AUTORELEASING = YES;
				CLANG_WARN_BOOL_CONVERSION = YES;
				CLANG_WARN_COMMA = YES;
				CLANG_WARN_CONSTANT_CONVERSION = YES;
				CLANG_WARN_DEPRECATED_OBJC_IMPLEMENTATIONS = YES;
				CLANG_WARN_DIRECT_OBJC_ISA_USAGE = YES_ERROR;
				CLANG_WARN_DOCUMENTATION_COMMENTS = YES;
				CLANG_WARN_EMPTY_BODY = YES;
				CLANG_WARN_ENUM_CONVERSION = YES;
				CLANG_WARN_INFINITE_RECURSION = YES;
				CLANG_WARN_INT_CONVERSION = YES;
				CLANG_WARN_NON_LITERAL_NULL_CONVERSION = YES;
				CLANG_WARN_OBJC_IMPLICIT_RETAIN_SELF = YES;
				CLANG_WARN_OBJC_LITERAL_CONVERSION = YES;
				CLANG_WARN_OBJC_ROOT_CLASS = YES_ERROR;
				CLANG_WARN_RANGE_LOOP_ANALYSIS = YES;
				CLANG_WARN_STRICT_PROTOTYPES = YES;
				CLANG_WARN_SUSPICIOUS_MOVE = YES;
				CLANG_WARN_UNGUARDED_AVAILABILITY = YES_AGGRESSIVE;
				CLANG_WARN_UNREACHABLE_CODE = YES;
				CLANG_WARN__DUPLICATE_METHOD_MATCH = YES;
				COPY_PHASE_STRIP = NO;
				DEBUG_INFORMATION_FORMAT = "dwarf-with-dsym";
				ENABLE_NS_ASSERTIONS = NO;
				ENABLE_STRICT_OBJC_MSGSEND = YES;
				GCC_C_LANGUAGE_STANDARD = gnu11;
				GCC_NO_COMMON_BLOCKS = YES;
				GCC_WARN_64_TO_32_BIT_CONVERSION = YES;
				GCC_WARN_ABOUT_RETURN_TYPE = YES_ERROR;
				GCC_WARN_UNDECLARED_SELECTOR = YES;
				GCC_WARN_UNINITIALIZED_AUTOS = YES_AGGRESSIVE;
				GCC_WARN_UNUSED_FUNCTION = YES;
				GCC_WARN_UNUSED_VARIABLE = YES;
				IPHONEOS_DEPLOYMENT_TARGET = 13.5;
				MTL_ENABLE_DEBUG_INFO = NO;
				MTL_FAST_MATH = YES;
				SDKROOT = iphoneos;
				SWIFT_COMPILATION_MODE = wholemodule;
				SWIFT_OPTIMIZATION_LEVEL = "-O";
				VALIDATE_PRODUCT = YES;
			};
			name = Release;
		};
		8C9C5417247DE781006DF598 /* Debug */ = {
			isa = XCBuildConfiguration;
			buildSettings = {
				ASSETCATALOG_COMPILER_APPICON_NAME = AppIcon;
				CODE_SIGN_STYLE = Automatic;
				DEVELOPMENT_TEAM = 2Y4EZCE9LM;
				INFOPLIST_FILE = BankApp/Info.plist;
				LD_RUNPATH_SEARCH_PATHS = (
					"$(inherited)",
					"@executable_path/Frameworks",
				);
				PRODUCT_BUNDLE_IDENTIFIER = com.ricardohui.BankApp;
				PRODUCT_NAME = "$(TARGET_NAME)";
				SWIFT_VERSION = 5.0;
				TARGETED_DEVICE_FAMILY = "1,2";
			};
			name = Debug;
		};
		8C9C5418247DE781006DF598 /* Release */ = {
			isa = XCBuildConfiguration;
			buildSettings = {
				ASSETCATALOG_COMPILER_APPICON_NAME = AppIcon;
				CODE_SIGN_STYLE = Automatic;
				DEVELOPMENT_TEAM = 2Y4EZCE9LM;
				INFOPLIST_FILE = BankApp/Info.plist;
				LD_RUNPATH_SEARCH_PATHS = (
					"$(inherited)",
					"@executable_path/Frameworks",
				);
				PRODUCT_BUNDLE_IDENTIFIER = com.ricardohui.BankApp;
				PRODUCT_NAME = "$(TARGET_NAME)";
				SWIFT_VERSION = 5.0;
				TARGETED_DEVICE_FAMILY = "1,2";
			};
			name = Release;
		};
		8C9C5427247DE9AF006DF598 /* Debug */ = {
			isa = XCBuildConfiguration;
			buildSettings = {
				BUNDLE_LOADER = "$(TEST_HOST)";
				CODE_SIGN_STYLE = Automatic;
				DEVELOPMENT_TEAM = 2Y4EZCE9LM;
				INFOPLIST_FILE = BankAppTests/Info.plist;
				LD_RUNPATH_SEARCH_PATHS = (
					"$(inherited)",
					"@executable_path/Frameworks",
					"@loader_path/Frameworks",
				);
				PRODUCT_BUNDLE_IDENTIFIER = com.ricardohui.BankAppTests;
				PRODUCT_NAME = "$(TARGET_NAME)";
				SWIFT_VERSION = 5.0;
				TARGETED_DEVICE_FAMILY = "1,2";
				TEST_HOST = "$(BUILT_PRODUCTS_DIR)/BankApp.app/BankApp";
			};
			name = Debug;
		};
		8C9C5428247DE9AF006DF598 /* Release */ = {
			isa = XCBuildConfiguration;
			buildSettings = {
				BUNDLE_LOADER = "$(TEST_HOST)";
				CODE_SIGN_STYLE = Automatic;
				DEVELOPMENT_TEAM = 2Y4EZCE9LM;
				INFOPLIST_FILE = BankAppTests/Info.plist;
				LD_RUNPATH_SEARCH_PATHS = (
					"$(inherited)",
					"@executable_path/Frameworks",
					"@loader_path/Frameworks",
				);
				PRODUCT_BUNDLE_IDENTIFIER = com.ricardohui.BankAppTests;
				PRODUCT_NAME = "$(TARGET_NAME)";
				SWIFT_VERSION = 5.0;
				TARGETED_DEVICE_FAMILY = "1,2";
				TEST_HOST = "$(BUILT_PRODUCTS_DIR)/BankApp.app/BankApp";
			};
			name = Release;
		};
/* End XCBuildConfiguration section */

/* Begin XCConfigurationList section */
		8C9C53FD247DE775006DF598 /* Build configuration list for PBXProject "BankApp" */ = {
			isa = XCConfigurationList;
			buildConfigurations = (
				8C9C5414247DE781006DF598 /* Debug */,
				8C9C5415247DE781006DF598 /* Release */,
			);
			defaultConfigurationIsVisible = 0;
			defaultConfigurationName = Release;
		};
		8C9C5416247DE781006DF598 /* Build configuration list for PBXNativeTarget "BankApp" */ = {
			isa = XCConfigurationList;
			buildConfigurations = (
				8C9C5417247DE781006DF598 /* Debug */,
				8C9C5418247DE781006DF598 /* Release */,
			);
			defaultConfigurationIsVisible = 0;
			defaultConfigurationName = Release;
		};
		8C9C5426247DE9AF006DF598 /* Build configuration list for PBXNativeTarget "BankAppTests" */ = {
			isa = XCConfigurationList;
			buildConfigurations = (
				8C9C5427247DE9AF006DF598 /* Debug */,
				8C9C5428247DE9AF006DF598 /* Release */,
			);
			defaultConfigurationIsVisible = 0;
			defaultConfigurationName = Release;
		};
/* End XCConfigurationList section */
	};
	rootObject = 8C9C53FA247DE775006DF598 /* Project object */;
}
